
Microsoft Visual Studio Solution File, Format Version 12.00
# Visual Studio 15
VisualStudioVersion = 15.0.28010.2046
MinimumVisualStudioVersion = 10.0.40219.1
Project("{FAE04EC0-301F-11D3-BF4B-00C04F79EFBC}") = "绘图解释器", "绘图解释器\绘图解释器.csproj", "{FADD5D22-FB6A-4E7F-AA24-0CFD5EAC5BB8}"
EndProject
Global
	GlobalSection(SolutionConfigurationPlatforms) = preSolution
		Debug|Any CPU = Debug|Any CPU
		Release|Any CPU = Release|Any CPU
	EndGlobalSection
	GlobalSection(ProjectConfigurationPlatforms) = postSolution
		{FADD5D22-FB6A-4E7F-AA24-0CFD5EAC5BB8}.Debug|Any CPU.ActiveCfg = Debug|Any CPU
		{FADD5D22-FB6A-4E7F-AA24-0CFD5EAC5BB8}.Debug|Any CPU.Build.0 = Debug|Any CPU
		{FADD5D22-FB6A-4E7F-AA24-0CFD5EAC5BB8}.Release|Any CPU.ActiveCfg = Release|Any CPU
		{FADD5D22-FB6A-4E7F-AA24-0CFD5EAC5BB8}.Release|Any CPU.Build.0 = Release|Any CPU
	EndGlobalSection
	GlobalSection(SolutionProperties) = preSolution
		HideSolutionNode = FALSE
	EndGlobalSection
	GlobalSection(ExtensibilityGlobals) = postSolution
		SolutionGuid = {FBE0A427-05C6-48A6-AC82-C8050A897982}
	EndGlobalSection
EndGlobal
